
Microsoft Visual Studio Solution File, Format Version 12.00
# Visual Studio 15
VisualStudioVersion = 15.0.28010.2036
MinimumVisualStudioVersion = 10.0.40219.1
Project("{FAE04EC0-301F-11D3-BF4B-00C04F79EFBC}") = "User Services", "User Services\User Services.csproj", "{04179618-158D-48BE-8A6F-5C820540AA20}"
EndProject
Global
	GlobalSection(SolutionConfigurationPlatforms) = preSolution
		Debug|Any CPU = Debug|Any CPU
		Release|Any CPU = Release|Any CPU
	EndGlobalSection
	GlobalSection(ProjectConfigurationPlatforms) = postSolution
		{04179618-158D-48BE-8A6F-5C820540AA20}.Debug|Any CPU.ActiveCfg = Debug|Any CPU
		{04179618-158D-48BE-8A6F-5C820540AA20}.Debug|Any CPU.Build.0 = Debug|Any CPU
		{04179618-158D-48BE-8A6F-5C820540AA20}.Release|Any CPU.ActiveCfg = Release|Any CPU
		{04179618-158D-48BE-8A6F-5C820540AA20}.Release|Any CPU.Build.0 = Release|Any CPU
	EndGlobalSection
	GlobalSection(SolutionProperties) = preSolution
		HideSolutionNode = FALSE
	EndGlobalSection
	GlobalSection(ExtensibilityGlobals) = postSolution
		SolutionGuid = {3A44FA6B-4E36-4BF3-89C7-F35D41352BA5}
	EndGlobalSection
EndGlobal
