
Microsoft Visual Studio Solution File, Format Version 12.00
# Visual Studio 15
VisualStudioVersion = 15.0.28010.2036
MinimumVisualStudioVersion = 10.0.40219.1
Project("{FAE04EC0-301F-11D3-BF4B-00C04F79EFBC}") = "User Services", "User Services\User Services.csproj", "{F328AF9B-74A3-45C0-B03C-9645BE784659}"
EndProject
Global
	GlobalSection(SolutionConfigurationPlatforms) = preSolution
		Debug|Any CPU = Debug|Any CPU
		Release|Any CPU = Release|Any CPU
	EndGlobalSection
	GlobalSection(ProjectConfigurationPlatforms) = postSolution
		{F328AF9B-74A3-45C0-B03C-9645BE784659}.Debug|Any CPU.ActiveCfg = Debug|Any CPU
		{F328AF9B-74A3-45C0-B03C-9645BE784659}.Debug|Any CPU.Build.0 = Debug|Any CPU
		{F328AF9B-74A3-45C0-B03C-9645BE784659}.Release|Any CPU.ActiveCfg = Release|Any CPU
		{F328AF9B-74A3-45C0-B03C-9645BE784659}.Release|Any CPU.Build.0 = Release|Any CPU
	EndGlobalSection
	GlobalSection(SolutionProperties) = preSolution
		HideSolutionNode = FALSE
	EndGlobalSection
	GlobalSection(ExtensibilityGlobals) = postSolution
		SolutionGuid = {A0954B4E-D375-4A67-AA76-6278CAFD8210}
	EndGlobalSection
EndGlobal
