
Microsoft Visual Studio Solution File, Format Version 12.00
# Visual Studio 15
VisualStudioVersion = 15.0.28010.2036
MinimumVisualStudioVersion = 10.0.40219.1
Project("{FAE04EC0-301F-11D3-BF4B-00C04F79EFBC}") = "A2", "A2\A2.csproj", "{E1FAB928-BF7A-41C7-A7F0-EA9D4CB542B8}"
EndProject
Global
	GlobalSection(SolutionConfigurationPlatforms) = preSolution
		Debug|Any CPU = Debug|Any CPU
		Release|Any CPU = Release|Any CPU
	EndGlobalSection
	GlobalSection(ProjectConfigurationPlatforms) = postSolution
		{E1FAB928-BF7A-41C7-A7F0-EA9D4CB542B8}.Debug|Any CPU.ActiveCfg = Debug|Any CPU
		{E1FAB928-BF7A-41C7-A7F0-EA9D4CB542B8}.Debug|Any CPU.Build.0 = Debug|Any CPU
		{E1FAB928-BF7A-41C7-A7F0-EA9D4CB542B8}.Release|Any CPU.ActiveCfg = Release|Any CPU
		{E1FAB928-BF7A-41C7-A7F0-EA9D4CB542B8}.Release|Any CPU.Build.0 = Release|Any CPU
	EndGlobalSection
	GlobalSection(SolutionProperties) = preSolution
		HideSolutionNode = FALSE
	EndGlobalSection
	GlobalSection(ExtensibilityGlobals) = postSolution
		SolutionGuid = {BC816FB7-AFA0-490B-9E12-99322E29D30A}
	EndGlobalSection
EndGlobal
