
Microsoft Visual Studio Solution File, Format Version 12.00
# Visual Studio 15
VisualStudioVersion = 15.0.28010.2036
MinimumVisualStudioVersion = 10.0.40219.1
Project("{FAE04EC0-301F-11D3-BF4B-00C04F79EFBC}") = "A3", "A3\A3.csproj", "{423059A9-2D1A-4CE3-AA74-C36F67C498CB}"
EndProject
Global
	GlobalSection(SolutionConfigurationPlatforms) = preSolution
		Debug|Any CPU = Debug|Any CPU
		Release|Any CPU = Release|Any CPU
	EndGlobalSection
	GlobalSection(ProjectConfigurationPlatforms) = postSolution
		{423059A9-2D1A-4CE3-AA74-C36F67C498CB}.Debug|Any CPU.ActiveCfg = Debug|Any CPU
		{423059A9-2D1A-4CE3-AA74-C36F67C498CB}.Debug|Any CPU.Build.0 = Debug|Any CPU
		{423059A9-2D1A-4CE3-AA74-C36F67C498CB}.Release|Any CPU.ActiveCfg = Release|Any CPU
		{423059A9-2D1A-4CE3-AA74-C36F67C498CB}.Release|Any CPU.Build.0 = Release|Any CPU
	EndGlobalSection
	GlobalSection(SolutionProperties) = preSolution
		HideSolutionNode = FALSE
	EndGlobalSection
	GlobalSection(ExtensibilityGlobals) = postSolution
		SolutionGuid = {773D68F7-7234-4DDA-9FEA-A33ECDB8719D}
	EndGlobalSection
EndGlobal
